
Microsoft Visual Studio Solution File, Format Version 12.00
# Visual Studio Version 16
VisualStudioVersion = 16.0.29920.165
MinimumVisualStudioVersion = 10.0.40219.1
Project("{FAE04EC0-301F-11D3-BF4B-00C04F79EFBC}") = "ECMU.Interface", "ECMU.Interface\ECMU.Interface.csproj", "{A704EB88-7BCF-4C84-AC54-C6F70FDFC8B0}"
EndProject
Project("{FAE04EC0-301F-11D3-BF4B-00C04F79EFBC}") = "RED7Studios.EzCar.Languages", "RED7Studios.EzCar.Languages\RED7Studios.EzCar.Languages.csproj", "{4999C3FD-5FB4-40BF-A289-64FF66F97C18}"
EndProject
Project("{FAE04EC0-301F-11D3-BF4B-00C04F79EFBC}") = "RED7Studios.EzCar.Beta", "RED7Studios.EzCar.Beta\RED7Studios.EzCar.Beta.csproj", "{DF052062-7505-4DFA-B4E6-F8618D81D21C}"
EndProject
Project("{FAE04EC0-301F-11D3-BF4B-00C04F79EFBC}") = "RED7Studios.EzCar", "RED7Studios.EzCar\RED7Studios.EzCar.csproj", "{64CEB957-FF27-4586-99B3-D4CB770CFD0D}"
EndProject
Global
	GlobalSection(SolutionConfigurationPlatforms) = preSolution
		Debug|Any CPU = Debug|Any CPU
		Debug|x64 = Debug|x64
		Release|Any CPU = Release|Any CPU
		Release|x64 = Release|x64
	EndGlobalSection
	GlobalSection(ProjectConfigurationPlatforms) = postSolution
		{A704EB88-7BCF-4C84-AC54-C6F70FDFC8B0}.Debug|Any CPU.ActiveCfg = Debug|Any CPU
		{A704EB88-7BCF-4C84-AC54-C6F70FDFC8B0}.Debug|Any CPU.Build.0 = Debug|Any CPU
		{A704EB88-7BCF-4C84-AC54-C6F70FDFC8B0}.Debug|x64.ActiveCfg = Debug|x64
		{A704EB88-7BCF-4C84-AC54-C6F70FDFC8B0}.Debug|x64.Build.0 = Debug|x64
		{A704EB88-7BCF-4C84-AC54-C6F70FDFC8B0}.Release|Any CPU.ActiveCfg = Release|Any CPU
		{A704EB88-7BCF-4C84-AC54-C6F70FDFC8B0}.Release|Any CPU.Build.0 = Release|Any CPU
		{A704EB88-7BCF-4C84-AC54-C6F70FDFC8B0}.Release|x64.ActiveCfg = Release|x64
		{A704EB88-7BCF-4C84-AC54-C6F70FDFC8B0}.Release|x64.Build.0 = Release|x64
		{4999C3FD-5FB4-40BF-A289-64FF66F97C18}.Debug|Any CPU.ActiveCfg = Debug|Any CPU
		{4999C3FD-5FB4-40BF-A289-64FF66F97C18}.Debug|Any CPU.Build.0 = Debug|Any CPU
		{4999C3FD-5FB4-40BF-A289-64FF66F97C18}.Debug|x64.ActiveCfg = Debug|Any CPU
		{4999C3FD-5FB4-40BF-A289-64FF66F97C18}.Debug|x64.Build.0 = Debug|Any CPU
		{4999C3FD-5FB4-40BF-A289-64FF66F97C18}.Release|Any CPU.ActiveCfg = Release|Any CPU
		{4999C3FD-5FB4-40BF-A289-64FF66F97C18}.Release|Any CPU.Build.0 = Release|Any CPU
		{4999C3FD-5FB4-40BF-A289-64FF66F97C18}.Release|x64.ActiveCfg = Release|Any CPU
		{4999C3FD-5FB4-40BF-A289-64FF66F97C18}.Release|x64.Build.0 = Release|Any CPU
		{DF052062-7505-4DFA-B4E6-F8618D81D21C}.Debug|Any CPU.ActiveCfg = Debug|Any CPU
		{DF052062-7505-4DFA-B4E6-F8618D81D21C}.Debug|Any CPU.Build.0 = Debug|Any CPU
		{DF052062-7505-4DFA-B4E6-F8618D81D21C}.Debug|x64.ActiveCfg = Debug|Any CPU
		{DF052062-7505-4DFA-B4E6-F8618D81D21C}.Debug|x64.Build.0 = Debug|Any CPU
		{DF052062-7505-4DFA-B4E6-F8618D81D21C}.Release|Any CPU.ActiveCfg = Release|Any CPU
		{DF052062-7505-4DFA-B4E6-F8618D81D21C}.Release|Any CPU.Build.0 = Release|Any CPU
		{DF052062-7505-4DFA-B4E6-F8618D81D21C}.Release|x64.ActiveCfg = Release|Any CPU
		{DF052062-7505-4DFA-B4E6-F8618D81D21C}.Release|x64.Build.0 = Release|Any CPU
		{64CEB957-FF27-4586-99B3-D4CB770CFD0D}.Debug|Any CPU.ActiveCfg = Debug|Any CPU
		{64CEB957-FF27-4586-99B3-D4CB770CFD0D}.Debug|Any CPU.Build.0 = Debug|Any CPU
		{64CEB957-FF27-4586-99B3-D4CB770CFD0D}.Debug|x64.ActiveCfg = Debug|Any CPU
		{64CEB957-FF27-4586-99B3-D4CB770CFD0D}.Debug|x64.Build.0 = Debug|Any CPU
		{64CEB957-FF27-4586-99B3-D4CB770CFD0D}.Release|Any CPU.ActiveCfg = Release|Any CPU
		{64CEB957-FF27-4586-99B3-D4CB770CFD0D}.Release|Any CPU.Build.0 = Release|Any CPU
		{64CEB957-FF27-4586-99B3-D4CB770CFD0D}.Release|x64.ActiveCfg = Release|Any CPU
		{64CEB957-FF27-4586-99B3-D4CB770CFD0D}.Release|x64.Build.0 = Release|Any CPU
	EndGlobalSection
	GlobalSection(SolutionProperties) = preSolution
		HideSolutionNode = FALSE
	EndGlobalSection
	GlobalSection(ExtensibilityGlobals) = postSolution
		SolutionGuid = {3F0F6F44-5C20-4ED3-BAA1-0FE4F1E28B24}
	EndGlobalSection
EndGlobal
